
Microsoft Visual Studio Solution File, Format Version 12.00
# Visual Studio 15
VisualStudioVersion = 15.0.27428.2027
MinimumVisualStudioVersion = 10.0.40219.1
Project("{FAE04EC0-301F-11D3-BF4B-00C04F79EFBC}") = "BikeItemService", "BikeItemService\BikeItemService.csproj", "{6BC57227-B8CB-4EC2-A6D0-BE837146AA24}"
EndProject
Global
	GlobalSection(SolutionConfigurationPlatforms) = preSolution
		Debug|Any CPU = Debug|Any CPU
		Release|Any CPU = Release|Any CPU
	EndGlobalSection
	GlobalSection(ProjectConfigurationPlatforms) = postSolution
		{6BC57227-B8CB-4EC2-A6D0-BE837146AA24}.Debug|Any CPU.ActiveCfg = Debug|Any CPU
		{6BC57227-B8CB-4EC2-A6D0-BE837146AA24}.Debug|Any CPU.Build.0 = Debug|Any CPU
		{6BC57227-B8CB-4EC2-A6D0-BE837146AA24}.Release|Any CPU.ActiveCfg = Release|Any CPU
		{6BC57227-B8CB-4EC2-A6D0-BE837146AA24}.Release|Any CPU.Build.0 = Release|Any CPU
	EndGlobalSection
	GlobalSection(SolutionProperties) = preSolution
		HideSolutionNode = FALSE
	EndGlobalSection
	GlobalSection(ExtensibilityGlobals) = postSolution
		SolutionGuid = {E93D63A8-2AD8-47DE-A9B0-3F8016291AA6}
	EndGlobalSection
EndGlobal
