
Microsoft Visual Studio Solution File, Format Version 12.00
# Visual Studio 15
VisualStudioVersion = 15.0.27428.2027
MinimumVisualStudioVersion = 10.0.40219.1
Project("{FAE04EC0-301F-11D3-BF4B-00C04F79EFBC}") = "Hub", "Hub\Hub.csproj", "{137502F1-3B5D-4998-A589-86DE6AA1C02D}"
EndProject
Global
	GlobalSection(SolutionConfigurationPlatforms) = preSolution
		Debug|Any CPU = Debug|Any CPU
		Release|Any CPU = Release|Any CPU
	EndGlobalSection
	GlobalSection(ProjectConfigurationPlatforms) = postSolution
		{137502F1-3B5D-4998-A589-86DE6AA1C02D}.Debug|Any CPU.ActiveCfg = Debug|Any CPU
		{137502F1-3B5D-4998-A589-86DE6AA1C02D}.Debug|Any CPU.Build.0 = Debug|Any CPU
		{137502F1-3B5D-4998-A589-86DE6AA1C02D}.Release|Any CPU.ActiveCfg = Release|Any CPU
		{137502F1-3B5D-4998-A589-86DE6AA1C02D}.Release|Any CPU.Build.0 = Release|Any CPU
	EndGlobalSection
	GlobalSection(SolutionProperties) = preSolution
		HideSolutionNode = FALSE
	EndGlobalSection
	GlobalSection(ExtensibilityGlobals) = postSolution
		SolutionGuid = {55E970E9-7383-42F7-B608-7FDBC2DCD8DC}
	EndGlobalSection
EndGlobal
